Microsoft Visual Studio Solution File, Format Version 12.00
# Visual Studio Version 16
VisualStudioVersion = 16.0.37027.11
MinimumVisualStudioVersion = 10.0.40219.1
Project("{FAE04EC0-301F-11D3-BF4B-00C04F79EFBC}") = "ClaimCar.Sdk", "ClaimCar.Sdk\ClaimCar.Sdk.csproj", "{9F7E91F1-87E6-4BF0-9C61-E7837D36A702}"
EndProject
Project("{FAE04EC0-301F-11D3-BF4B-00C04F79EFBC}") = "ClaimCar.Web", "ClaimCar.Web\ClaimCar.Web.csproj", "{B7AC50CC-5591-46A4-AB20-71D748D8E1C1}"
EndProject
Global
	GlobalSection(SolutionConfigurationPlatforms) = preSolution
		Debug|Any CPU = Debug|Any CPU
		Release|Any CPU = Release|Any CPU
	EndGlobalSection
	GlobalSection(ProjectConfigurationPlatforms) = postSolution
		{9F7E91F1-87E6-4BF0-9C61-E7837D36A702}.Debug|Any CPU.ActiveCfg = Debug|Any CPU
		{9F7E91F1-87E6-4BF0-9C61-E7837D36A702}.Debug|Any CPU.Build.0 = Debug|Any CPU
		{9F7E91F1-87E6-4BF0-9C61-E7837D36A702}.Release|Any CPU.ActiveCfg = Release|Any CPU
		{9F7E91F1-87E6-4BF0-9C61-E7837D36A702}.Release|Any CPU.Build.0 = Release|Any CPU
		{B7AC50CC-5591-46A4-AB20-71D748D8E1C1}.Debug|Any CPU.ActiveCfg = Debug|Any CPU
		{B7AC50CC-5591-46A4-AB20-71D748D8E1C1}.Debug|Any CPU.Build.0 = Debug|Any CPU
		{B7AC50CC-5591-46A4-AB20-71D748D8E1C1}.Release|Any CPU.ActiveCfg = Release|Any CPU
		{B7AC50CC-5591-46A4-AB20-71D748D8E1C1}.Release|Any CPU.Build.0 = Release|Any CPU
	EndGlobalSection
	GlobalSection(SolutionProperties) = preSolution
		HideSolutionNode = FALSE
	EndGlobalSection
	GlobalSection(ExtensibilityGlobals) = postSolution
		SolutionGuid = {1DA66B37-8031-4668-96B8-E913BCC95CEA}
	EndGlobalSection
EndGlobal
